
Microsoft Visual Studio Solution File, Format Version 12.00
# Visual Studio Version 16
VisualStudioVersion = 16.0.32510.428
MinimumVisualStudioVersion = 10.0.40219.1
Project("{FAE04EC0-301F-11D3-BF4B-00C04F79EFBC}") = "WinAppNumeroALetra", "WinAppNumeroALetra\WinAppNumeroALetra.csproj", "{EBB1F37A-29CD-4212-89E5-79098601B32D}"
EndProject
Global
	GlobalSection(SolutionConfigurationPlatforms) = preSolution
		Debug|Any CPU = Debug|Any CPU
		Release|Any CPU = Release|Any CPU
	EndGlobalSection
	GlobalSection(ProjectConfigurationPlatforms) = postSolution
		{EBB1F37A-29CD-4212-89E5-79098601B32D}.Debug|Any CPU.ActiveCfg = Debug|Any CPU
		{EBB1F37A-29CD-4212-89E5-79098601B32D}.Debug|Any CPU.Build.0 = Debug|Any CPU
		{EBB1F37A-29CD-4212-89E5-79098601B32D}.Release|Any CPU.ActiveCfg = Release|Any CPU
		{EBB1F37A-29CD-4212-89E5-79098601B32D}.Release|Any CPU.Build.0 = Release|Any CPU
	EndGlobalSection
	GlobalSection(SolutionProperties) = preSolution
		HideSolutionNode = FALSE
	EndGlobalSection
	GlobalSection(ExtensibilityGlobals) = postSolution
		SolutionGuid = {0AB997A7-BFC8-4C8B-99DA-001AA7A59CA7}
	EndGlobalSection
EndGlobal
